{
    "_readme": [
        "This file locks the dependencies of your project to a known state",
        "Read more about it at https://getcomposer.org/doc/01-basic-usage.md#installing-dependencies",
        "This file is @generated automatically"
    ],
    "content-hash": "4176348a81b159c99ec675c460b53db5",
    "packages": [
        {
            "name": "knplabs/knp-menu",
            "version": "dev-master",
            "source": {
                "type": "git",
                "url": "https://github.com/KnpLabs/KnpMenu.git",
                "reference": "25222406f2fb315dd6387c3b44e92d1f410a5144"
            },
            "dist": {
                "type": "zip",
                "url": "https://api.github.com/repos/KnpLabs/KnpMenu/zipball/25222406f2fb315dd6387c3b44e92d1f410a5144",
                "reference": "25222406f2fb315dd6387c3b44e92d1f410a5144",
                "shasum": ""
            },
            "require": {
                "php": "^8.1"
            },
            "conflict": {
                "twig/twig": "<1.42.3 || >=2,<2.9"
            },
            "require-dev": {
                "phpstan/phpstan": "^1.10",
                "phpunit/phpunit": "^9.6",
                "psr/container": "^1.0 || ^2.0",
                "symfony/http-foundation": "^5.4 || ^6.0 || ^7.0",
                "symfony/phpunit-bridge": "^7.0",
                "symfony/routing": "^5.4 || ^6.0 || ^7.0",
                "twig/twig": "^2.16 || ^3.0"
            },
            "suggest": {
                "twig/twig": "for the TwigRenderer and the integration with your templates"
            },
            "default-branch": true,
            "type": "library",
            "extra": {
                "branch-alias": {
                    "dev-master": "3.x-dev"
                }
            },
            "autoload": {
                "psr-4": {
                    "Knp\\Menu\\": "src/Knp/Menu"
                }
            },
            "notification-url": "https://packagist.org/downloads/",
            "license": [
                "MIT"
            ],
            "authors": [
                {
                    "name": "KnpLabs",
                    "homepage": "https://knplabs.com"
                },
                {
                    "name": "Christophe Coevoet",
                    "email": "stof@notk.org"
                },
                {
                    "name": "The Community",
                    "homepage": "https://github.com/KnpLabs/KnpMenu/contributors"
                }
            ],
            "description": "An object oriented menu library",
            "homepage": "https://knplabs.com",
            "keywords": [
                "menu",
                "tree"
            ],
            "support": {
                "issues": "https://github.com/KnpLabs/KnpMenu/issues",
                "source": "https://github.com/KnpLabs/KnpMenu/tree/master"
            },
            "time": "2024-03-03T14:35:01+00:00"
        }
    ],
    "packages-dev": [],
    "aliases": [],
    "minimum-stability": "dev",
    "stability-flags": [],
    "prefer-stable": false,
    "prefer-lowest": false,
    "platform": [],
    "platform-dev": [],
    "plugin-api-version": "2.6.0"
}
